
Microsoft Visual Studio Solution File, Format Version 12.00
# Visual Studio Version 17
VisualStudioVersion = 17.1.32421.90
MinimumVisualStudioVersion = 10.0.40219.1
Project("{2150E333-8FDC-42A3-9474-1A3956D46DE8}") = "Services", "Services", "{161AF20A-B822-4C4D-A7D2-924E8D50B932}"
EndProject
Project("{2150E333-8FDC-42A3-9474-1A3956D46DE8}") = "Catalog.API", "Catalog.API", "{D914908D-DD62-4648-8720-D5EA0BD6DF4B}"
EndProject
Project("{9A19103F-16F7-4668-BE54-9A1E7A4F7556}") = "Catalog.API", "Services\Catalog.API\Catalog.API\Catalog.API.csproj", "{AFD9370A-4382-4F99-828B-631F33CC85DE}"
EndProject
Project("{E53339B2-1760-4266-BCC7-CA923CBCF16C}") = "docker-compose", "docker-compose.dcproj", "{2A756DF3-6277-4685-AA4A-0EC11C31CC54}"
EndProject
Global
	GlobalSection(SolutionConfigurationPlatforms) = preSolution
		Debug|Any CPU = Debug|Any CPU
		Release|Any CPU = Release|Any CPU
	EndGlobalSection
	GlobalSection(ProjectConfigurationPlatforms) = postSolution
		{AFD9370A-4382-4F99-828B-631F33CC85DE}.Debug|Any CPU.ActiveCfg = Debug|Any CPU
		{AFD9370A-4382-4F99-828B-631F33CC85DE}.Debug|Any CPU.Build.0 = Debug|Any CPU
		{AFD9370A-4382-4F99-828B-631F33CC85DE}.Release|Any CPU.ActiveCfg = Release|Any CPU
		{AFD9370A-4382-4F99-828B-631F33CC85DE}.Release|Any CPU.Build.0 = Release|Any CPU
		{2A756DF3-6277-4685-AA4A-0EC11C31CC54}.Debug|Any CPU.ActiveCfg = Debug|Any CPU
		{2A756DF3-6277-4685-AA4A-0EC11C31CC54}.Debug|Any CPU.Build.0 = Debug|Any CPU
		{2A756DF3-6277-4685-AA4A-0EC11C31CC54}.Release|Any CPU.ActiveCfg = Release|Any CPU
		{2A756DF3-6277-4685-AA4A-0EC11C31CC54}.Release|Any CPU.Build.0 = Release|Any CPU
	EndGlobalSection
	GlobalSection(SolutionProperties) = preSolution
		HideSolutionNode = FALSE
	EndGlobalSection
	GlobalSection(NestedProjects) = preSolution
		{D914908D-DD62-4648-8720-D5EA0BD6DF4B} = {161AF20A-B822-4C4D-A7D2-924E8D50B932}
		{AFD9370A-4382-4F99-828B-631F33CC85DE} = {D914908D-DD62-4648-8720-D5EA0BD6DF4B}
	EndGlobalSection
	GlobalSection(ExtensibilityGlobals) = postSolution
		SolutionGuid = {5A13D87C-D3BE-4B0E-ACF0-E697A5C9D4FC}
	EndGlobalSection
EndGlobal
