
Microsoft Visual Studio Solution File, Format Version 12.00
# Visual Studio Version 17
VisualStudioVersion = 17.1.32421.90
MinimumVisualStudioVersion = 10.0.40219.1
Project("{2150E333-8FDC-42A3-9474-1A3956D46DE8}") = "Services", "Services", "{161AF20A-B822-4C4D-A7D2-924E8D50B932}"
EndProject
Project("{2150E333-8FDC-42A3-9474-1A3956D46DE8}") = "Catalog", "Catalog", "{D914908D-DD62-4648-8720-D5EA0BD6DF4B}"
EndProject
Project("{9A19103F-16F7-4668-BE54-9A1E7A4F7556}") = "Catalog.API", "Services\Catalog.API\Catalog.API\Catalog.API.csproj", "{AFD9370A-4382-4F99-828B-631F33CC85DE}"
EndProject
Project("{E53339B2-1760-4266-BCC7-CA923CBCF16C}") = "docker-compose", "docker-compose.dcproj", "{2A756DF3-6277-4685-AA4A-0EC11C31CC54}"
EndProject
Project("{2150E333-8FDC-42A3-9474-1A3956D46DE8}") = "Basket", "Basket", "{AB941050-7585-44E8-B60F-E1CD2324C576}"
EndProject
Project("{9A19103F-16F7-4668-BE54-9A1E7A4F7556}") = "Basket.API", "Services\Basket\Basket.API\Basket.API.csproj", "{499C6E2D-AA37-47E5-8E53-DC9F63A202E2}"
EndProject
Project("{2150E333-8FDC-42A3-9474-1A3956D46DE8}") = "Discount", "Discount", "{363B7BCE-91DF-413D-8CD6-62659E590354}"
EndProject
Project("{9A19103F-16F7-4668-BE54-9A1E7A4F7556}") = "Discount.API", "Services\Discount\Discount.API\Discount.API.csproj", "{A7D7BE63-40E3-48D5-B4BB-1237F590A6E6}"
EndProject
Project("{9A19103F-16F7-4668-BE54-9A1E7A4F7556}") = "Discount.Grpc", "Services\Discount\Discount.Grpc\Discount.Grpc.csproj", "{7A2DCF01-CC80-40E9-8D4D-429902DB8945}"
EndProject
Project("{2150E333-8FDC-42A3-9474-1A3956D46DE8}") = "Ordering", "Ordering", "{EAA29450-0A2C-4759-ACE5-A0CB129B3E52}"
EndProject
Project("{FAE04EC0-301F-11D3-BF4B-00C04F79EFBC}") = "Ordering.API", "Services\Ordering\Ordering.API\Ordering.API.csproj", "{68B44FC8-8461-4C47-BCE7-FF35060989ED}"
EndProject
Project("{FAE04EC0-301F-11D3-BF4B-00C04F79EFBC}") = "Ordering.Domain", "Services\Ordering\Ordering.Domain\Ordering.Domain.csproj", "{55E12512-FAA1-46F8-9A16-B7DAECA3C1BE}"
EndProject
Project("{FAE04EC0-301F-11D3-BF4B-00C04F79EFBC}") = "Ordering.Application", "Services\Ordering\Ordering.Application\Ordering.Application.csproj", "{2505CE77-1893-444B-B8A8-255D7DC3C43C}"
EndProject
Project("{FAE04EC0-301F-11D3-BF4B-00C04F79EFBC}") = "Ordering.Infrastructure", "Services\Ordering\Ordering.Infrastructure\Ordering.Infrastructure.csproj", "{419EEA6A-549C-4192-AC86-EAF20CC2B766}"
EndProject
Global
	GlobalSection(SolutionConfigurationPlatforms) = preSolution
		Debug|Any CPU = Debug|Any CPU
		Release|Any CPU = Release|Any CPU
	EndGlobalSection
	GlobalSection(ProjectConfigurationPlatforms) = postSolution
		{AFD9370A-4382-4F99-828B-631F33CC85DE}.Debug|Any CPU.ActiveCfg = Debug|Any CPU
		{AFD9370A-4382-4F99-828B-631F33CC85DE}.Debug|Any CPU.Build.0 = Debug|Any CPU
		{AFD9370A-4382-4F99-828B-631F33CC85DE}.Release|Any CPU.ActiveCfg = Release|Any CPU
		{AFD9370A-4382-4F99-828B-631F33CC85DE}.Release|Any CPU.Build.0 = Release|Any CPU
		{2A756DF3-6277-4685-AA4A-0EC11C31CC54}.Debug|Any CPU.ActiveCfg = Debug|Any CPU
		{2A756DF3-6277-4685-AA4A-0EC11C31CC54}.Debug|Any CPU.Build.0 = Debug|Any CPU
		{2A756DF3-6277-4685-AA4A-0EC11C31CC54}.Release|Any CPU.ActiveCfg = Release|Any CPU
		{2A756DF3-6277-4685-AA4A-0EC11C31CC54}.Release|Any CPU.Build.0 = Release|Any CPU
		{499C6E2D-AA37-47E5-8E53-DC9F63A202E2}.Debug|Any CPU.ActiveCfg = Debug|Any CPU
		{499C6E2D-AA37-47E5-8E53-DC9F63A202E2}.Debug|Any CPU.Build.0 = Debug|Any CPU
		{499C6E2D-AA37-47E5-8E53-DC9F63A202E2}.Release|Any CPU.ActiveCfg = Release|Any CPU
		{499C6E2D-AA37-47E5-8E53-DC9F63A202E2}.Release|Any CPU.Build.0 = Release|Any CPU
		{A7D7BE63-40E3-48D5-B4BB-1237F590A6E6}.Debug|Any CPU.ActiveCfg = Debug|Any CPU
		{A7D7BE63-40E3-48D5-B4BB-1237F590A6E6}.Debug|Any CPU.Build.0 = Debug|Any CPU
		{A7D7BE63-40E3-48D5-B4BB-1237F590A6E6}.Release|Any CPU.ActiveCfg = Release|Any CPU
		{A7D7BE63-40E3-48D5-B4BB-1237F590A6E6}.Release|Any CPU.Build.0 = Release|Any CPU
		{7A2DCF01-CC80-40E9-8D4D-429902DB8945}.Debug|Any CPU.ActiveCfg = Debug|Any CPU
		{7A2DCF01-CC80-40E9-8D4D-429902DB8945}.Debug|Any CPU.Build.0 = Debug|Any CPU
		{7A2DCF01-CC80-40E9-8D4D-429902DB8945}.Release|Any CPU.ActiveCfg = Release|Any CPU
		{7A2DCF01-CC80-40E9-8D4D-429902DB8945}.Release|Any CPU.Build.0 = Release|Any CPU
		{68B44FC8-8461-4C47-BCE7-FF35060989ED}.Debug|Any CPU.ActiveCfg = Debug|Any CPU
		{68B44FC8-8461-4C47-BCE7-FF35060989ED}.Debug|Any CPU.Build.0 = Debug|Any CPU
		{68B44FC8-8461-4C47-BCE7-FF35060989ED}.Release|Any CPU.ActiveCfg = Release|Any CPU
		{68B44FC8-8461-4C47-BCE7-FF35060989ED}.Release|Any CPU.Build.0 = Release|Any CPU
		{55E12512-FAA1-46F8-9A16-B7DAECA3C1BE}.Debug|Any CPU.ActiveCfg = Debug|Any CPU
		{55E12512-FAA1-46F8-9A16-B7DAECA3C1BE}.Debug|Any CPU.Build.0 = Debug|Any CPU
		{55E12512-FAA1-46F8-9A16-B7DAECA3C1BE}.Release|Any CPU.ActiveCfg = Release|Any CPU
		{55E12512-FAA1-46F8-9A16-B7DAECA3C1BE}.Release|Any CPU.Build.0 = Release|Any CPU
		{2505CE77-1893-444B-B8A8-255D7DC3C43C}.Debug|Any CPU.ActiveCfg = Debug|Any CPU
		{2505CE77-1893-444B-B8A8-255D7DC3C43C}.Debug|Any CPU.Build.0 = Debug|Any CPU
		{2505CE77-1893-444B-B8A8-255D7DC3C43C}.Release|Any CPU.ActiveCfg = Release|Any CPU
		{2505CE77-1893-444B-B8A8-255D7DC3C43C}.Release|Any CPU.Build.0 = Release|Any CPU
		{419EEA6A-549C-4192-AC86-EAF20CC2B766}.Debug|Any CPU.ActiveCfg = Debug|Any CPU
		{419EEA6A-549C-4192-AC86-EAF20CC2B766}.Debug|Any CPU.Build.0 = Debug|Any CPU
		{419EEA6A-549C-4192-AC86-EAF20CC2B766}.Release|Any CPU.ActiveCfg = Release|Any CPU
		{419EEA6A-549C-4192-AC86-EAF20CC2B766}.Release|Any CPU.Build.0 = Release|Any CPU
	EndGlobalSection
	GlobalSection(SolutionProperties) = preSolution
		HideSolutionNode = FALSE
	EndGlobalSection
	GlobalSection(NestedProjects) = preSolution
		{D914908D-DD62-4648-8720-D5EA0BD6DF4B} = {161AF20A-B822-4C4D-A7D2-924E8D50B932}
		{AFD9370A-4382-4F99-828B-631F33CC85DE} = {D914908D-DD62-4648-8720-D5EA0BD6DF4B}
		{AB941050-7585-44E8-B60F-E1CD2324C576} = {161AF20A-B822-4C4D-A7D2-924E8D50B932}
		{499C6E2D-AA37-47E5-8E53-DC9F63A202E2} = {AB941050-7585-44E8-B60F-E1CD2324C576}
		{363B7BCE-91DF-413D-8CD6-62659E590354} = {161AF20A-B822-4C4D-A7D2-924E8D50B932}
		{A7D7BE63-40E3-48D5-B4BB-1237F590A6E6} = {363B7BCE-91DF-413D-8CD6-62659E590354}
		{7A2DCF01-CC80-40E9-8D4D-429902DB8945} = {363B7BCE-91DF-413D-8CD6-62659E590354}
		{EAA29450-0A2C-4759-ACE5-A0CB129B3E52} = {161AF20A-B822-4C4D-A7D2-924E8D50B932}
		{68B44FC8-8461-4C47-BCE7-FF35060989ED} = {EAA29450-0A2C-4759-ACE5-A0CB129B3E52}
		{55E12512-FAA1-46F8-9A16-B7DAECA3C1BE} = {EAA29450-0A2C-4759-ACE5-A0CB129B3E52}
		{2505CE77-1893-444B-B8A8-255D7DC3C43C} = {EAA29450-0A2C-4759-ACE5-A0CB129B3E52}
		{419EEA6A-549C-4192-AC86-EAF20CC2B766} = {EAA29450-0A2C-4759-ACE5-A0CB129B3E52}
	EndGlobalSection
	GlobalSection(ExtensibilityGlobals) = postSolution
		SolutionGuid = {5A13D87C-D3BE-4B0E-ACF0-E697A5C9D4FC}
	EndGlobalSection
EndGlobal
